// !$*UTF8*$!
{
	archiveVersion = 1;
	classes = {
	};
	objectVersion = 56;
	objects = {

/* Begin PBXBuildFile section */
		CE2AAC67291D15D3009B4FB3 /* AuthenticationDemoApp.swift in Sources */ = {isa = PBXBuildFile; fileRef = CE2AAC66291D15D3009B4FB3 /* AuthenticationDemoApp.swift */; };
		CE2AAC69291D15D3009B4FB3 /* ContentView.swift in Sources */ = {isa = PBXBuildFile; fileRef = CE2AAC68291D15D3009B4FB3 /* ContentView.swift */; };
		CE2AAC6B291D15D6009B4FB3 /* Assets.xcassets in Resources */ = {isa = PBXBuildFile; fileRef = CE2AAC6A291D15D6009B4FB3 /* Assets.xcassets */; };
		CE2AAC6E291D15D6009B4FB3 /* Preview Assets.xcassets in Resources */ = {isa = PBXBuildFile; fileRef = CE2AAC6D291D15D6009B4FB3 /* Preview Assets.xcassets */; };
		CE2AAC78291D15D6009B4FB3 /* AuthenticationDemoTests.swift in Sources */ = {isa = PBXBuildFile; fileRef = CE2AAC77291D15D6009B4FB3 /* AuthenticationDemoTests.swift */; };
		CE2AAC82291D15D6009B4FB3 /* AuthenticationDemoUITests.swift in Sources */ = {isa = PBXBuildFile; fileRef = CE2AAC81291D15D6009B4FB3 /* AuthenticationDemoUITests.swift */; };
		CE2AAC84291D15D6009B4FB3 /* AuthenticationDemoUITestsLaunchTests.swift in Sources */ = {isa = PBXBuildFile; fileRef = CE2AAC83291D15D6009B4FB3 /* AuthenticationDemoUITestsLaunchTests.swift */; };
		CE2AAC91291D18D3009B4FB3 /* HomeScreen.swift in Sources */ = {isa = PBXBuildFile; fileRef = CE2AAC90291D18D3009B4FB3 /* HomeScreen.swift */; };
/* End PBXBuildFile section */

/* Begin PBXContainerItemProxy section */
		CE2AAC74291D15D6009B4FB3 /* PBXContainerItemProxy */ = {
			isa = PBXContainerItemProxy;
			containerPortal = CE2AAC5B291D15D3009B4FB3 /* Project object */;
			proxyType = 1;
			remoteGlobalIDString = CE2AAC62291D15D3009B4FB3;
			remoteInfo = AuthenticationDemo;
		};
		CE2AAC7E291D15D6009B4FB3 /* PBXContainerItemProxy */ = {
			isa = PBXContainerItemProxy;
			containerPortal = CE2AAC5B291D15D3009B4FB3 /* Project object */;
			proxyType = 1;
			remoteGlobalIDString = CE2AAC62291D15D3009B4FB3;
			remoteInfo = AuthenticationDemo;
		};
/* End PBXContainerItemProxy section */

/* Begin PBXFileReference section */
		CE2AAC63291D15D3009B4FB3 /* AuthenticationDemo.app */ = {isa = PBXFileReference; explicitFileType = wrapper.application; includeInIndex = 0; path = AuthenticationDemo.app; sourceTree = BUILT_PRODUCTS_DIR; };
		CE2AAC66291D15D3009B4FB3 /* AuthenticationDemoApp.swift */ = {isa = PBXFileReference; lastKnownFileType = sourcecode.swift; path = AuthenticationDemoApp.swift; sourceTree = "<group>"; };
		CE2AAC68291D15D3009B4FB3 /* ContentView.swift */ = {isa = PBXFileReference; lastKnownFileType = sourcecode.swift; path = ContentView.swift; sourceTree = "<group>"; };
		CE2AAC6A291D15D6009B4FB3 /* Assets.xcassets */ = {isa = PBXFileReference; lastKnownFileType = folder.assetcatalog; path = Assets.xcassets; sourceTree = "<group>"; };
		CE2AAC6D291D15D6009B4FB3 /* Preview Assets.xcassets */ = {isa = PBXFileReference; lastKnownFileType = folder.assetcatalog; path = "Preview Assets.xcassets"; sourceTree = "<group>"; };
		CE2AAC73291D15D6009B4FB3 /* AuthenticationDemoTests.xctest */ = {isa = PBXFileReference; explicitFileType = wrapper.cfbundle; includeInIndex = 0; path = AuthenticationDemoTests.xctest; sourceTree = BUILT_PRODUCTS_DIR; };
		CE2AAC77291D15D6009B4FB3 /* AuthenticationDemoTests.swift */ = {isa = PBXFileReference; lastKnownFileType = sourcecode.swift; path = AuthenticationDemoTests.swift; sourceTree = "<group>"; };
		CE2AAC7D291D15D6009B4FB3 /* AuthenticationDemoUITests.xctest */ = {isa = PBXFileReference; explicitFileType = wrapper.cfbundle; includeInIndex = 0; path = AuthenticationDemoUITests.xctest; sourceTree = BUILT_PRODUCTS_DIR; };
		CE2AAC81291D15D6009B4FB3 /* AuthenticationDemoUITests.swift */ = {isa = PBXFileReference; lastKnownFileType = sourcecode.swift; path = AuthenticationDemoUITests.swift; sourceTree = "<group>"; };
		CE2AAC83291D15D6009B4FB3 /* AuthenticationDemoUITestsLaunchTests.swift */ = {isa = PBXFileReference; lastKnownFileType = sourcecode.swift; path = AuthenticationDemoUITestsLaunchTests.swift; sourceTree = "<group>"; };
		CE2AAC90291D18D3009B4FB3 /* HomeScreen.swift */ = {isa = PBXFileReference; lastKnownFileType = sourcecode.swift; path = HomeScreen.swift; sourceTree = "<group>"; };
/* End PBXFileReference section */

/* Begin PBXFrameworksBuildPhase section */
		CE2AAC60291D15D3009B4FB3 /* Frameworks */ = {
			isa = PBXFrameworksBuildPhase;
			buildActionMask = 2147483647;
			files = (
			);
			runOnlyForDeploymentPostprocessing = 0;
		};
		CE2AAC70291D15D6009B4FB3 /* Frameworks */ = {
			isa = PBXFrameworksBuildPhase;
			buildActionMask = 2147483647;
			files = (
			);
			runOnlyForDeploymentPostprocessing = 0;
		};
		CE2AAC7A291D15D6009B4FB3 /* Frameworks */ = {
			isa = PBXFrameworksBuildPhase;
			buildActionMask = 2147483647;
			files = (
			);
			runOnlyForDeploymentPostprocessing = 0;
		};
/* End PBXFrameworksBuildPhase section */

/* Begin PBXGroup section */
		CE2AAC5A291D15D3009B4FB3 = {
			isa = PBXGroup;
			children = (
				CE2AAC65291D15D3009B4FB3 /* AuthenticationDemo */,
				CE2AAC76291D15D6009B4FB3 /* AuthenticationDemoTests */,
				CE2AAC80291D15D6009B4FB3 /* AuthenticationDemoUITests */,
				CE2AAC64291D15D3009B4FB3 /* Products */,
			);
			sourceTree = "<group>";
		};
		CE2AAC64291D15D3009B4FB3 /* Products */ = {
			isa = PBXGroup;
			children = (
				CE2AAC63291D15D3009B4FB3 /* AuthenticationDemo.app */,
				CE2AAC73291D15D6009B4FB3 /* AuthenticationDemoTests.xctest */,
				CE2AAC7D291D15D6009B4FB3 /* AuthenticationDemoUITests.xctest */,
			);
			name = Products;
			sourceTree = "<group>";
		};
		CE2AAC65291D15D3009B4FB3 /* AuthenticationDemo */ = {
			isa = PBXGroup;
			children = (
				CE2AAC66291D15D3009B4FB3 /* AuthenticationDemoApp.swift */,
				CE2AAC92291D18DA009B4FB3 /* Views */,
				CE2AAC6A291D15D6009B4FB3 /* Assets.xcassets */,
				CE2AAC6C291D15D6009B4FB3 /* Preview Content */,
			);
			path = AuthenticationDemo;
			sourceTree = "<group>";
		};
		CE2AAC6C291D15D6009B4FB3 /* Preview Content */ = {
			isa = PBXGroup;
			children = (
				CE2AAC6D291D15D6009B4FB3 /* Preview Assets.xcassets */,
			);
			path = "Preview Content";
			sourceTree = "<group>";
		};
		CE2AAC76291D15D6009B4FB3 /* AuthenticationDemoTests */ = {
			isa = PBXGroup;
			children = (
				CE2AAC77291D15D6009B4FB3 /* AuthenticationDemoTests.swift */,
			);
			path = AuthenticationDemoTests;
			sourceTree = "<group>";
		};
		CE2AAC80291D15D6009B4FB3 /* AuthenticationDemoUITests */ = {
			isa = PBXGroup;
			children = (
				CE2AAC81291D15D6009B4FB3 /* AuthenticationDemoUITests.swift */,
				CE2AAC83291D15D6009B4FB3 /* AuthenticationDemoUITestsLaunchTests.swift */,
			);
			path = AuthenticationDemoUITests;
			sourceTree = "<group>";
		};
		CE2AAC92291D18DA009B4FB3 /* Views */ = {
			isa = PBXGroup;
			children = (
				CE2AAC68291D15D3009B4FB3 /* ContentView.swift */,
				CE2AAC90291D18D3009B4FB3 /* HomeScreen.swift */,
			);
			path = Views;
			sourceTree = "<group>";
		};
/* End PBXGroup section */

/* Begin PBXNativeTarget section */
		CE2AAC62291D15D3009B4FB3 /* AuthenticationDemo */ = {
			isa = PBXNativeTarget;
			buildConfigurationList = CE2AAC87291D15D6009B4FB3 /* Build configuration list for PBXNativeTarget "AuthenticationDemo" */;
			buildPhases = (
				CE2AAC5F291D15D3009B4FB3 /* Sources */,
				CE2AAC60291D15D3009B4FB3 /* Frameworks */,
				CE2AAC61291D15D3009B4FB3 /* Resources */,
			);
			buildRules = (
			);
			dependencies = (
			);
			name = AuthenticationDemo;
			productName = AuthenticationDemo;
			productReference = CE2AAC63291D15D3009B4FB3 /* AuthenticationDemo.app */;
			productType = "com.apple.product-type.application";
		};
		CE2AAC72291D15D6009B4FB3 /* AuthenticationDemoTests */ = {
			isa = PBXNativeTarget;
			buildConfigurationList = CE2AAC8A291D15D6009B4FB3 /* Build configuration list for PBXNativeTarget "AuthenticationDemoTests" */;
			buildPhases = (
				CE2AAC6F291D15D6009B4FB3 /* Sources */,
				CE2AAC70291D15D6009B4FB3 /* Frameworks */,
				CE2AAC71291D15D6009B4FB3 /* Resources */,
			);
			buildRules = (
			);
			dependencies = (
				CE2AAC75291D15D6009B4FB3 /* PBXTargetDependency */,
			);
			name = AuthenticationDemoTests;
			productName = AuthenticationDemoTests;
			productReference = CE2AAC73291D15D6009B4FB3 /* AuthenticationDemoTests.xctest */;
			productType = "com.apple.product-type.bundle.unit-test";
		};
		CE2AAC7C291D15D6009B4FB3 /* AuthenticationDemoUITests */ = {
			isa = PBXNativeTarget;
			buildConfigurationList = CE2AAC8D291D15D6009B4FB3 /* Build configuration list for PBXNativeTarget "AuthenticationDemoUITests" */;
			buildPhases = (
				CE2AAC79291D15D6009B4FB3 /* Sources */,
				CE2AAC7A291D15D6009B4FB3 /* Frameworks */,
				CE2AAC7B291D15D6009B4FB3 /* Resources */,
			);
			buildRules = (
			);
			dependencies = (
				CE2AAC7F291D15D6009B4FB3 /* PBXTargetDependency */,
			);
			name = AuthenticationDemoUITests;
			productName = AuthenticationDemoUITests;
			productReference = CE2AAC7D291D15D6009B4FB3 /* AuthenticationDemoUITests.xctest */;
			productType = "com.apple.product-type.bundle.ui-testing";
		};
/* End PBXNativeTarget section */

/* Begin PBXProject section */
		CE2AAC5B291D15D3009B4FB3 /* Project object */ = {
			isa = PBXProject;
			attributes = {
				BuildIndependentTargetsInParallel = 1;
				LastSwiftUpdateCheck = 1410;
				LastUpgradeCheck = 1410;
				TargetAttributes = {
					CE2AAC62291D15D3009B4FB3 = {
						CreatedOnToolsVersion = 14.1;
					};
					CE2AAC72291D15D6009B4FB3 = {
						CreatedOnToolsVersion = 14.1;
						TestTargetID = CE2AAC62291D15D3009B4FB3;
					};
					CE2AAC7C291D15D6009B4FB3 = {
						CreatedOnToolsVersion = 14.1;
						TestTargetID = CE2AAC62291D15D3009B4FB3;
					};
				};
			};
			buildConfigurationList = CE2AAC5E291D15D3009B4FB3 /* Build configuration list for PBXProject "AuthenticationDemo" */;
			compatibilityVersion = "Xcode 14.0";
			developmentRegion = en;
			hasScannedForEncodings = 0;
			knownRegions = (
				en,
				Base,
			);
			mainGroup = CE2AAC5A291D15D3009B4FB3;
			productRefGroup = CE2AAC64291D15D3009B4FB3 /* Products */;
			projectDirPath = "";
			projectRoot = "";
			targets = (
				CE2AAC62291D15D3009B4FB3 /* AuthenticationDemo */,
				CE2AAC72291D15D6009B4FB3 /* AuthenticationDemoTests */,
				CE2AAC7C291D15D6009B4FB3 /* AuthenticationDemoUITests */,
			);
		};
/* End PBXProject section */

/* Begin PBXResourcesBuildPhase section */
		CE2AAC61291D15D3009B4FB3 /* Resources */ = {
			isa = PBXResourcesBuildPhase;
			buildActionMask = 2147483647;
			files = (
				CE2AAC6E291D15D6009B4FB3 /* Preview Assets.xcassets in Resources */,
				CE2AAC6B291D15D6009B4FB3 /* Assets.xcassets in Resources */,
			);
			runOnlyForDeploymentPostprocessing = 0;
		};
		CE2AAC71291D15D6009B4FB3 /* Resources */ = {
			isa = PBXResourcesBuildPhase;
			buildActionMask = 2147483647;
			files = (
			);
			runOnlyForDeploymentPostprocessing = 0;
		};
		CE2AAC7B291D15D6009B4FB3 /* Resources */ = {
			isa = PBXResourcesBuildPhase;
			buildActionMask = 2147483647;
			files = (
			);
			runOnlyForDeploymentPostprocessing = 0;
		};
/* End PBXResourcesBuildPhase section */

/* Begin PBXSourcesBuildPhase section */
		CE2AAC5F291D15D3009B4FB3 /* Sources */ = {
			isa = PBXSourcesBuildPhase;
			buildActionMask = 2147483647;
			files = (
				CE2AAC69291D15D3009B4FB3 /* ContentView.swift in Sources */,
				CE2AAC67291D15D3009B4FB3 /* AuthenticationDemoApp.swift in Sources */,
				CE2AAC91291D18D3009B4FB3 /* HomeScreen.swift in Sources */,
			);
			runOnlyForDeploymentPostprocessing = 0;
		};
		CE2AAC6F291D15D6009B4FB3 /* Sources */ = {
			isa = PBXSourcesBuildPhase;
			buildActionMask = 2147483647;
			files = (
				CE2AAC78291D15D6009B4FB3 /* AuthenticationDemoTests.swift in Sources */,
			);
			runOnlyForDeploymentPostprocessing = 0;
		};
		CE2AAC79291D15D6009B4FB3 /* Sources */ = {
			isa = PBXSourcesBuildPhase;
			buildActionMask = 2147483647;
			files = (
				CE2AAC82291D15D6009B4FB3 /* AuthenticationDemoUITests.swift in Sources */,
				CE2AAC84291D15D6009B4FB3 /* AuthenticationDemoUITestsLaunchTests.swift in Sources */,
			);
			runOnlyForDeploymentPostprocessing = 0;
		};
/* End PBXSourcesBuildPhase section */

/* Begin PBXTargetDependency section */
		CE2AAC75291D15D6009B4FB3 /* PBXTargetDependency */ = {
			isa = PBXTargetDependency;
			target = CE2AAC62291D15D3009B4FB3 /* AuthenticationDemo */;
			targetProxy = CE2AAC74291D15D6009B4FB3 /* PBXContainerItemProxy */;
		};
		CE2AAC7F291D15D6009B4FB3 /* PBXTargetDependency */ = {
			isa = PBXTargetDependency;
			target = CE2AAC62291D15D3009B4FB3 /* AuthenticationDemo */;
			targetProxy = CE2AAC7E291D15D6009B4FB3 /* PBXContainerItemProxy */;
		};
/* End PBXTargetDependency section */

/* Begin XCBuildConfiguration section */
		CE2AAC85291D15D6009B4FB3 /* Debug */ = {
			isa = XCBuildConfiguration;
			buildSettings = {
				ALWAYS_SEARCH_USER_PATHS = NO;
				CLANG_ANALYZER_NONNULL = YES;
				CLANG_ANALYZER_NUMBER_OBJECT_CONVERSION = YES_AGGRESSIVE;
				CLANG_CXX_LANGUAGE_STANDARD = "gnu++20";
				CLANG_ENABLE_MODULES = YES;
				CLANG_ENABLE_OBJC_ARC = YES;
				CLANG_ENABLE_OBJC_WEAK = YES;
				CLANG_WARN_BLOCK_CAPTURE_AUTORELEASING = YES;
				CLANG_WARN_BOOL_CONVERSION = YES;
				CLANG_WARN_COMMA = YES;
				CLANG_WARN_CONSTANT_CONVERSION = YES;
				CLANG_WARN_DEPRECATED_OBJC_IMPLEMENTATIONS = YES;
				CLANG_WARN_DIRECT_OBJC_ISA_USAGE = YES_ERROR;
				CLANG_WARN_DOCUMENTATION_COMMENTS = YES;
				CLANG_WARN_EMPTY_BODY = YES;
				CLANG_WARN_ENUM_CONVERSION = YES;
				CLANG_WARN_INFINITE_RECURSION = YES;
				CLANG_WARN_INT_CONVERSION = YES;
				CLANG_WARN_NON_LITERAL_NULL_CONVERSION = YES;
				CLANG_WARN_OBJC_IMPLICIT_RETAIN_SELF = YES;
				CLANG_WARN_OBJC_LITERAL_CONVERSION = YES;
				CLANG_WARN_OBJC_ROOT_CLASS = YES_ERROR;
				CLANG_WARN_QUOTED_INCLUDE_IN_FRAMEWORK_HEADER = YES;
				CLANG_WARN_RANGE_LOOP_ANALYSIS = YES;
				CLANG_WARN_STRICT_PROTOTYPES = YES;
				CLANG_WARN_SUSPICIOUS_MOVE = YES;
				CLANG_WARN_UNGUARDED_AVAILABILITY = YES_AGGRESSIVE;
				CLANG_WARN_UNREACHABLE_CODE = YES;
				CLANG_WARN__DUPLICATE_METHOD_MATCH = YES;
				COPY_PHASE_STRIP = NO;
				DEBUG_INFORMATION_FORMAT = dwarf;
				ENABLE_STRICT_OBJC_MSGSEND = YES;
				ENABLE_TESTABILITY = YES;
				GCC_C_LANGUAGE_STANDARD = gnu11;
				GCC_DYNAMIC_NO_PIC = NO;
				GCC_NO_COMMON_BLOCKS = YES;
				GCC_OPTIMIZATION_LEVEL = 0;
				GCC_PREPROCESSOR_DEFINITIONS = (
					"DEBUG=1",
					"$(inherited)",
				);
				GCC_WARN_64_TO_32_BIT_CONVERSION = YES;
				GCC_WARN_ABOUT_RETURN_TYPE = YES_ERROR;
				GCC_WARN_UNDECLARED_SELECTOR = YES;
				GCC_WARN_UNINITIALIZED_AUTOS = YES_AGGRESSIVE;
				GCC_WARN_UNUSED_FUNCTION = YES;
				GCC_WARN_UNUSED_VARIABLE = YES;
				IPHONEOS_DEPLOYMENT_TARGET = 16.1;
				MTL_ENABLE_DEBUG_INFO = INCLUDE_SOURCE;
				MTL_FAST_MATH = YES;
				ONLY_ACTIVE_ARCH = YES;
				SDKROOT = iphoneos;
				SWIFT_ACTIVE_COMPILATION_CONDITIONS = DEBUG;
				SWIFT_OPTIMIZATION_LEVEL = "-Onone";
			};
			name = Debug;
		};
		CE2AAC86291D15D6009B4FB3 /* Release */ = {
			isa = XCBuildConfiguration;
			buildSettings = {
				ALWAYS_SEARCH_USER_PATHS = NO;
				CLANG_ANALYZER_NONNULL = YES;
				CLANG_ANALYZER_NUMBER_OBJECT_CONVERSION = YES_AGGRESSIVE;
				CLANG_CXX_LANGUAGE_STANDARD = "gnu++20";
				CLANG_ENABLE_MODULES = YES;
				CLANG_ENABLE_OBJC_ARC = YES;
				CLANG_ENABLE_OBJC_WEAK = YES;
				CLANG_WARN_BLOCK_CAPTURE_AUTORELEASING = YES;
				CLANG_WARN_BOOL_CONVERSION = YES;
				CLANG_WARN_COMMA = YES;
				CLANG_WARN_CONSTANT_CONVERSION = YES;
				CLANG_WARN_DEPRECATED_OBJC_IMPLEMENTATIONS = YES;
				CLANG_WARN_DIRECT_OBJC_ISA_USAGE = YES_ERROR;
				CLANG_WARN_DOCUMENTATION_COMMENTS = YES;
				CLANG_WARN_EMPTY_BODY = YES;
				CLANG_WARN_ENUM_CONVERSION = YES;
				CLANG_WARN_INFINITE_RECURSION = YES;
				CLANG_WARN_INT_CONVERSION = YES;
				CLANG_WARN_NON_LITERAL_NULL_CONVERSION = YES;
				CLANG_WARN_OBJC_IMPLICIT_RETAIN_SELF = YES;
				CLANG_WARN_OBJC_LITERAL_CONVERSION = YES;
				CLANG_WARN_OBJC_ROOT_CLASS = YES_ERROR;
				CLANG_WARN_QUOTED_INCLUDE_IN_FRAMEWORK_HEADER = YES;
				CLANG_WARN_RANGE_LOOP_ANALYSIS = YES;
				CLANG_WARN_STRICT_PROTOTYPES = YES;
				CLANG_WARN_SUSPICIOUS_MOVE = YES;
				CLANG_WARN_UNGUARDED_AVAILABILITY = YES_AGGRESSIVE;
				CLANG_WARN_UNREACHABLE_CODE = YES;
				CLANG_WARN__DUPLICATE_METHOD_MATCH = YES;
				COPY_PHASE_STRIP = NO;
				DEBUG_INFORMATION_FORMAT = "dwarf-with-dsym";
				ENABLE_NS_ASSERTIONS = NO;
				ENABLE_STRICT_OBJC_MSGSEND = YES;
				GCC_C_LANGUAGE_STANDARD = gnu11;
				GCC_NO_COMMON_BLOCKS = YES;
				GCC_WARN_64_TO_32_BIT_CONVERSION = YES;
				GCC_WARN_ABOUT_RETURN_TYPE = YES_ERROR;
				GCC_WARN_UNDECLARED_SELECTOR = YES;
				GCC_WARN_UNINITIALIZED_AUTOS = YES_AGGRESSIVE;
				GCC_WARN_UNUSED_FUNCTION = YES;
				GCC_WARN_UNUSED_VARIABLE = YES;
				IPHONEOS_DEPLOYMENT_TARGET = 16.1;
				MTL_ENABLE_DEBUG_INFO = NO;
				MTL_FAST_MATH = YES;
				SDKROOT = iphoneos;
				SWIFT_COMPILATION_MODE = wholemodule;
				SWIFT_OPTIMIZATION_LEVEL = "-O";
				VALIDATE_PRODUCT = YES;
			};
			name = Release;
		};
		CE2AAC88291D15D6009B4FB3 /* Debug */ = {
			isa = XCBuildConfiguration;
			buildSettings = {
				ASSETCATALOG_COMPILER_APPICON_NAME = AppIcon;
				ASSETCATALOG_COMPILER_GLOBAL_ACCENT_COLOR_NAME = AccentColor;
				CODE_SIGN_STYLE = Automatic;
				CURRENT_PROJECT_VERSION = 1;
				DEVELOPMENT_ASSET_PATHS = "\"AuthenticationDemo/Preview Content\"";
				DEVELOPMENT_TEAM = 2D7L2MM5V3;
				ENABLE_PREVIEWS = YES;
				GENERATE_INFOPLIST_FILE = YES;
				INFOPLIST_KEY_UIApplicationSceneManifest_Generation = YES;
				INFOPLIST_KEY_UIApplicationSupportsIndirectInputEvents = YES;
				INFOPLIST_KEY_UILaunchScreen_Generation = YES;
				INFOPLIST_KEY_UISupportedInterfaceOrientations_iPad = "UIInterfaceOrientationPortrait UIInterfaceOrientationPortraitUpsideDown UIInterfaceOrientationLandscapeLeft UIInterfaceOrientationLandscapeRight";
				INFOPLIST_KEY_UISupportedInterfaceOrientations_iPhone = "UIInterfaceOrientationPortrait UIInterfaceOrientationLandscapeLeft UIInterfaceOrientationLandscapeRight";
				LD_RUNPATH_SEARCH_PATHS = (
					"$(inherited)",
					"@executable_path/Frameworks",
				);
				MARKETING_VERSION = 1.0;
				PRODUCT_BUNDLE_IDENTIFIER = com.melvin.AuthenticationDemo;
				PRODUCT_NAME = "$(TARGET_NAME)";
				SWIFT_EMIT_LOC_STRINGS = YES;
				SWIFT_VERSION = 5.0;
				TARGETED_DEVICE_FAMILY = "1,2";
			};
			name = Debug;
		};
		CE2AAC89291D15D6009B4FB3 /* Release */ = {
			isa = XCBuildConfiguration;
			buildSettings = {
				ASSETCATALOG_COMPILER_APPICON_NAME = AppIcon;
				ASSETCATALOG_COMPILER_GLOBAL_ACCENT_COLOR_NAME = AccentColor;
				CODE_SIGN_STYLE = Automatic;
				CURRENT_PROJECT_VERSION = 1;
				DEVELOPMENT_ASSET_PATHS = "\"AuthenticationDemo/Preview Content\"";
				DEVELOPMENT_TEAM = 2D7L2MM5V3;
				ENABLE_PREVIEWS = YES;
				GENERATE_INFOPLIST_FILE = YES;
				INFOPLIST_KEY_UIApplicationSceneManifest_Generation = YES;
				INFOPLIST_KEY_UIApplicationSupportsIndirectInputEvents = YES;
				INFOPLIST_KEY_UILaunchScreen_Generation = YES;
				INFOPLIST_KEY_UISupportedInterfaceOrientations_iPad = "UIInterfaceOrientationPortrait UIInterfaceOrientationPortraitUpsideDown UIInterfaceOrientationLandscapeLeft UIInterfaceOrientationLandscapeRight";
				INFOPLIST_KEY_UISupportedInterfaceOrientations_iPhone = "UIInterfaceOrientationPortrait UIInterfaceOrientationLandscapeLeft UIInterfaceOrientationLandscapeRight";
				LD_RUNPATH_SEARCH_PATHS = (
					"$(inherited)",
					"@executable_path/Frameworks",
				);
				MARKETING_VERSION = 1.0;
				PRODUCT_BUNDLE_IDENTIFIER = com.melvin.AuthenticationDemo;
				PRODUCT_NAME = "$(TARGET_NAME)";
				SWIFT_EMIT_LOC_STRINGS = YES;
				SWIFT_VERSION = 5.0;
				TARGETED_DEVICE_FAMILY = "1,2";
			};
			name = Release;
		};
		CE2AAC8B291D15D6009B4FB3 /* Debug */ = {
			isa = XCBuildConfiguration;
			buildSettings = {
				ALWAYS_EMBED_SWIFT_STANDARD_LIBRARIES = YES;
				BUNDLE_LOADER = "$(TEST_HOST)";
				CODE_SIGN_STYLE = Automatic;
				CURRENT_PROJECT_VERSION = 1;
				DEVELOPMENT_TEAM = 2D7L2MM5V3;
				GENERATE_INFOPLIST_FILE = YES;
				IPHONEOS_DEPLOYMENT_TARGET = 16.1;
				MARKETING_VERSION = 1.0;
				PRODUCT_BUNDLE_IDENTIFIER = com.melvin.AuthenticationDemoTests;
				PRODUCT_NAME = "$(TARGET_NAME)";
				SWIFT_EMIT_LOC_STRINGS = NO;
				SWIFT_VERSION = 5.0;
				TARGETED_DEVICE_FAMILY = "1,2";
				TEST_HOST = "$(BUILT_PRODUCTS_DIR)/AuthenticationDemo.app/$(BUNDLE_EXECUTABLE_FOLDER_PATH)/AuthenticationDemo";
			};
			name = Debug;
		};
		CE2AAC8C291D15D6009B4FB3 /* Release */ = {
			isa = XCBuildConfiguration;
			buildSettings = {
				ALWAYS_EMBED_SWIFT_STANDARD_LIBRARIES = YES;
				BUNDLE_LOADER = "$(TEST_HOST)";
				CODE_SIGN_STYLE = Automatic;
				CURRENT_PROJECT_VERSION = 1;
				DEVELOPMENT_TEAM = 2D7L2MM5V3;
				GENERATE_INFOPLIST_FILE = YES;
				IPHONEOS_DEPLOYMENT_TARGET = 16.1;
				MARKETING_VERSION = 1.0;
				PRODUCT_BUNDLE_IDENTIFIER = com.melvin.AuthenticationDemoTests;
				PRODUCT_NAME = "$(TARGET_NAME)";
				SWIFT_EMIT_LOC_STRINGS = NO;
				SWIFT_VERSION = 5.0;
				TARGETED_DEVICE_FAMILY = "1,2";
				TEST_HOST = "$(BUILT_PRODUCTS_DIR)/AuthenticationDemo.app/$(BUNDLE_EXECUTABLE_FOLDER_PATH)/AuthenticationDemo";
			};
			name = Release;
		};
		CE2AAC8E291D15D6009B4FB3 /* Debug */ = {
			isa = XCBuildConfiguration;
			buildSettings = {
				ALWAYS_EMBED_SWIFT_STANDARD_LIBRARIES = YES;
				CODE_SIGN_STYLE = Automatic;
				CURRENT_PROJECT_VERSION = 1;
				DEVELOPMENT_TEAM = 2D7L2MM5V3;
				GENERATE_INFOPLIST_FILE = YES;
				MARKETING_VERSION = 1.0;
				PRODUCT_BUNDLE_IDENTIFIER = com.melvin.AuthenticationDemoUITests;
				PRODUCT_NAME = "$(TARGET_NAME)";
				SWIFT_EMIT_LOC_STRINGS = NO;
				SWIFT_VERSION = 5.0;
				TARGETED_DEVICE_FAMILY = "1,2";
				TEST_TARGET_NAME = AuthenticationDemo;
			};
			name = Debug;
		};
		CE2AAC8F291D15D6009B4FB3 /* Release */ = {
			isa = XCBuildConfiguration;
			buildSettings = {
				ALWAYS_EMBED_SWIFT_STANDARD_LIBRARIES = YES;
				CODE_SIGN_STYLE = Automatic;
				CURRENT_PROJECT_VERSION = 1;
				DEVELOPMENT_TEAM = 2D7L2MM5V3;
				GENERATE_INFOPLIST_FILE = YES;
				MARKETING_VERSION = 1.0;
				PRODUCT_BUNDLE_IDENTIFIER = com.melvin.AuthenticationDemoUITests;
				PRODUCT_NAME = "$(TARGET_NAME)";
				SWIFT_EMIT_LOC_STRINGS = NO;
				SWIFT_VERSION = 5.0;
				TARGETED_DEVICE_FAMILY = "1,2";
				TEST_TARGET_NAME = AuthenticationDemo;
			};
			name = Release;
		};
/* End XCBuildConfiguration section */

/* Begin XCConfigurationList section */
		CE2AAC5E291D15D3009B4FB3 /* Build configuration list for PBXProject "AuthenticationDemo" */ = {
			isa = XCConfigurationList;
			buildConfigurations = (
				CE2AAC85291D15D6009B4FB3 /* Debug */,
				CE2AAC86291D15D6009B4FB3 /* Release */,
			);
			defaultConfigurationIsVisible = 0;
			defaultConfigurationName = Release;
		};
		CE2AAC87291D15D6009B4FB3 /* Build configuration list for PBXNativeTarget "AuthenticationDemo" */ = {
			isa = XCConfigurationList;
			buildConfigurations = (
				CE2AAC88291D15D6009B4FB3 /* Debug */,
				CE2AAC89291D15D6009B4FB3 /* Release */,
			);
			defaultConfigurationIsVisible = 0;
			defaultConfigurationName = Release;
		};
		CE2AAC8A291D15D6009B4FB3 /* Build configuration list for PBXNativeTarget "AuthenticationDemoTests" */ = {
			isa = XCConfigurationList;
			buildConfigurations = (
				CE2AAC8B291D15D6009B4FB3 /* Debug */,
				CE2AAC8C291D15D6009B4FB3 /* Release */,
			);
			defaultConfigurationIsVisible = 0;
			defaultConfigurationName = Release;
		};
		CE2AAC8D291D15D6009B4FB3 /* Build configuration list for PBXNativeTarget "AuthenticationDemoUITests" */ = {
			isa = XCConfigurationList;
			buildConfigurations = (
				CE2AAC8E291D15D6009B4FB3 /* Debug */,
				CE2AAC8F291D15D6009B4FB3 /* Release */,
			);
			defaultConfigurationIsVisible = 0;
			defaultConfigurationName = Release;
		};
/* End XCConfigurationList section */
	};
	rootObject = CE2AAC5B291D15D3009B4FB3 /* Project object */;
}
